Microsoft Visual Studio Solution File, Format Version 12.00
# Visual Studio 22
Project("{FAE04EC0-301F-11D3-BF4B-00C04F79EFBC}") = "OpenSim", "OpenSim/Region/Application/OpenSim.csproj", "{866B91D3-0000-0000-0000-000000000000}"
EndProject
Project("{FAE04EC0-301F-11D3-BF4B-00C04F79EFBC}") = "OpenSim.Addons.Groups", "OpenSim/Addons/Groups/OpenSim.Addons.Groups.csproj", "{B9EA71B7-0000-0000-0000-000000000000}"
EndProject
Project("{FAE04EC0-301F-11D3-BF4B-00C04F79EFBC}") = "OpenSim.Addons.OfflineIM", "OpenSim/Addons/OfflineIM/OpenSim.Addons.OfflineIM.csproj", "{76C080D7-0000-0000-0000-000000000000}"
EndProject
Project("{FAE04EC0-301F-11D3-BF4B-00C04F79EFBC}") = "OpenSim.ApplicationPlugins.LoadRegions", "OpenSim/ApplicationPlugins/LoadRegions/OpenSim.ApplicationPlugins.LoadRegions.csproj", "{73AF7AC7-0000-0000-0000-000000000000}"
EndProject
Project("{FAE04EC0-301F-11D3-BF4B-00C04F79EFBC}") = "OpenSim.ApplicationPlugins.RegionModulesController", "OpenSim/ApplicationPlugins/RegionModulesController/OpenSim.ApplicationPlugins.RegionModulesController.csproj", "{39EE88B3-0000-0000-0000-000000000000}"
EndProject
Project("{FAE04EC0-301F-11D3-BF4B-00C04F79EFBC}") = "OpenSim.ApplicationPlugins.RemoteController", "OpenSim/ApplicationPlugins/RemoteController/OpenSim.ApplicationPlugins.RemoteController.csproj", "{84D7072E-0000-0000-0000-000000000000}"
EndProject
Project("{FAE04EC0-301F-11D3-BF4B-00C04F79EFBC}") = "OpenSim.Capabilities", "OpenSim/Capabilities/OpenSim.Capabilities.csproj", "{404E4470-0000-0000-0000-000000000000}"
EndProject
Project("{FAE04EC0-301F-11D3-BF4B-00C04F79EFBC}") = "OpenSim.Capabilities.Handlers", "OpenSim/Capabilities/Handlers/OpenSim.Capabilities.Handlers.csproj", "{7858DEB9-0000-0000-0000-000000000000}"
EndProject
Project("{FAE04EC0-301F-11D3-BF4B-00C04F79EFBC}") = "OpenSim.ConsoleClient", "OpenSim/ConsoleClient/OpenSim.ConsoleClient.csproj", "{EBF43067-0000-0000-0000-000000000000}"
EndProject
Project("{FAE04EC0-301F-11D3-BF4B-00C04F79EFBC}") = "OpenSim.Data", "OpenSim/Data/OpenSim.Data.csproj", "{BC8633E2-0000-0000-0000-000000000000}"
EndProject
Project("{FAE04EC0-301F-11D3-BF4B-00C04F79EFBC}") = "OpenSim.Data.MySQL", "OpenSim/Data/MySQL/OpenSim.Data.MySQL.csproj", "{A9257789-0000-0000-0000-000000000000}"
EndProject
Project("{FAE04EC0-301F-11D3-BF4B-00C04F79EFBC}") = "OpenSim.Data.Null", "OpenSim/Data/Null/OpenSim.Data.Null.csproj", "{B4B293CE-0000-0000-0000-000000000000}"
EndProject
Project("{FAE04EC0-301F-11D3-BF4B-00C04F79EFBC}") = "OpenSim.Data.PGSQL", "OpenSim/Data/PGSQL/OpenSim.Data.PGSQL.csproj", "{4AFC0EF2-0000-0000-0000-000000000000}"
EndProject
Project("{FAE04EC0-301F-11D3-BF4B-00C04F79EFBC}") = "OpenSim.Data.SQLite", "OpenSim/Data/SQLite/OpenSim.Data.SQLite.csproj", "{83293A10-0000-0000-0000-000000000000}"
EndProject
Project("{FAE04EC0-301F-11D3-BF4B-00C04F79EFBC}") = "OpenSim.Framework", "OpenSim/Framework/OpenSim.Framework.csproj", "{EE40895F-0000-0000-0000-000000000000}"
EndProject
Project("{FAE04EC0-301F-11D3-BF4B-00C04F79EFBC}") = "OpenSim.Framework.AssetLoader.Filesystem", "OpenSim/Framework/AssetLoader/Filesystem/OpenSim.Framework.AssetLoader.Filesystem.csproj", "{900EF519-0000-0000-0000-000000000000}"
EndProject
Project("{FAE04EC0-301F-11D3-BF4B-00C04F79EFBC}") = "OpenSim.Framework.Console", "OpenSim/Framework/Console/OpenSim.Framework.Console.csproj", "{9FD89379-0000-0000-0000-000000000000}"
EndProject
Project("{FAE04EC0-301F-11D3-BF4B-00C04F79EFBC}") = "OpenSim.Framework.Monitoring", "OpenSim/Framework/Monitoring/OpenSim.Framework.Monitoring.csproj", "{B5ED6FD9-0000-0000-0000-000000000000}"
EndProject
Project("{FAE04EC0-301F-11D3-BF4B-00C04F79EFBC}") = "OpenSim.Framework.Serialization", "OpenSim/Framework/Serialization/OpenSim.Framework.Serialization.csproj", "{7774CEBE-0000-0000-0000-000000000000}"
EndProject
Project("{FAE04EC0-301F-11D3-BF4B-00C04F79EFBC}") = "OpenSim.Framework.Servers", "OpenSim/Framework/Servers/OpenSim.Framework.Servers.csproj", "{158371F5-0000-0000-0000-000000000000}"
EndProject
Project("{FAE04EC0-301F-11D3-BF4B-00C04F79EFBC}") = "OpenSim.Framework.Servers.HttpServer", "OpenSim/Framework/Servers/HttpServer/OpenSim.Framework.Servers.HttpServer.csproj", "{BA21C7BB-0000-0000-0000-000000000000}"
EndProject
Project("{FAE04EC0-301F-11D3-BF4B-00C04F79EFBC}") = "OpenSim.Region.ClientStack.LindenCaps", "OpenSim/Region/ClientStack/Linden/Caps/OpenSim.Region.ClientStack.LindenCaps.csproj", "{EB7A7E81-0000-0000-0000-000000000000}"
EndProject
Project("{FAE04EC0-301F-11D3-BF4B-00C04F79EFBC}") = "OpenSim.Region.ClientStack.LindenUDP", "OpenSim/Region/ClientStack/Linden/UDP/OpenSim.Region.ClientStack.LindenUDP.csproj", "{8721D4A1-0000-0000-0000-000000000000}"
EndProject
Project("{FAE04EC0-301F-11D3-BF4B-00C04F79EFBC}") = "OpenSim.Region.CoreModules", "OpenSim/Region/CoreModules/OpenSim.Region.CoreModules.csproj", "{5992D1AB-0000-0000-0000-000000000000}"
EndProject
Project("{FAE04EC0-301F-11D3-BF4B-00C04F79EFBC}") = "OpenSim.Region.Framework", "OpenSim/Region/Framework/OpenSim.Region.Framework.csproj", "{3CFED954-0000-0000-0000-000000000000}"
EndProject
Project("{FAE04EC0-301F-11D3-BF4B-00C04F79EFBC}") = "OpenSim.Region.OptionalModules", "OpenSim/Region/OptionalModules/OpenSim.Region.OptionalModules.csproj", "{2C269C57-0000-0000-0000-000000000000}"
EndProject
Project("{FAE04EC0-301F-11D3-BF4B-00C04F79EFBC}") = "OpenSim.Region.PhysicsModule.BasicPhysics", "OpenSim/Region/PhysicsModules/BasicPhysics/OpenSim.Region.PhysicsModule.BasicPhysics.csproj", "{4C750C81-0000-0000-0000-000000000000}"
EndProject
Project("{FAE04EC0-301F-11D3-BF4B-00C04F79EFBC}") = "OpenSim.Region.PhysicsModule.BulletS", "OpenSim/Region/PhysicsModules/BulletS/OpenSim.Region.PhysicsModule.BulletS.csproj", "{E325F3A3-0000-0000-0000-000000000000}"
EndProject
Project("{FAE04EC0-301F-11D3-BF4B-00C04F79EFBC}") = "OpenSim.Region.PhysicsModule.Meshing", "OpenSim/Region/PhysicsModules/Meshing/OpenSim.Region.PhysicsModule.Meshing.csproj", "{C00E060E-0000-0000-0000-000000000000}"
EndProject
Project("{FAE04EC0-301F-11D3-BF4B-00C04F79EFBC}") = "OpenSim.Region.PhysicsModule.POS", "OpenSim/Region/PhysicsModules/POS/OpenSim.Region.PhysicsModule.POS.csproj", "{B58CDC55-0000-0000-0000-000000000000}"
EndProject
Project("{FAE04EC0-301F-11D3-BF4B-00C04F79EFBC}") = "OpenSim.Region.PhysicsModule.ubOde", "OpenSim/Region/PhysicsModules/ubOde/OpenSim.Region.PhysicsModule.ubOde.csproj", "{F81E2D21-0000-0000-0000-000000000000}"
EndProject
Project("{FAE04EC0-301F-11D3-BF4B-00C04F79EFBC}") = "OpenSim.Region.PhysicsModule.ubOdeMeshing", "OpenSim/Region/PhysicsModules/ubOdeMeshing/OpenSim.Region.PhysicsModule.ubOdeMeshing.csproj", "{D5A76E63-0000-0000-0000-000000000000}"
EndProject
Project("{FAE04EC0-301F-11D3-BF4B-00C04F79EFBC}") = "OpenSim.Region.PhysicsModules.ConvexDecompositionDotNet", "OpenSim/Region/PhysicsModules/ConvexDecompositionDotNet/OpenSim.Region.PhysicsModules.ConvexDecompositionDotNet.csproj", "{13F47215-0000-0000-0000-000000000000}"
EndProject
Project("{FAE04EC0-301F-11D3-BF4B-00C04F79EFBC}") = "OpenSim.Region.PhysicsModules.SharedBase", "OpenSim/Region/PhysicsModules/SharedBase/OpenSim.Region.PhysicsModules.SharedBase.csproj", "{22353FD1-0000-0000-0000-000000000000}"
EndProject
Project("{FAE04EC0-301F-11D3-BF4B-00C04F79EFBC}") = "OpenSim.Region.ScriptEngine.Shared", "OpenSim/Region/ScriptEngine/Shared/OpenSim.Region.ScriptEngine.Shared.csproj", "{F5912AF2-0000-0000-0000-000000000000}"
EndProject
Project("{FAE04EC0-301F-11D3-BF4B-00C04F79EFBC}") = "OpenSim.Region.ScriptEngine.Shared.Api", "OpenSim/Region/ScriptEngine/Shared/Api/Implementation/OpenSim.Region.ScriptEngine.Shared.Api.csproj", "{4FB0B436-0000-0000-0000-000000000000}"
EndProject
Project("{FAE04EC0-301F-11D3-BF4B-00C04F79EFBC}") = "OpenSim.Region.ScriptEngine.Shared.Api.Runtime", "OpenSim/Region/ScriptEngine/Shared/Api/Runtime/OpenSim.Region.ScriptEngine.Shared.Api.Runtime.csproj", "{70215279-0000-0000-0000-000000000000}"
EndProject
Project("{FAE04EC0-301F-11D3-BF4B-00C04F79EFBC}") = "OpenSim.Region.ScriptEngine.YEngine", "OpenSim/Region/ScriptEngine/YEngine/OpenSim.Region.ScriptEngine.YEngine.csproj", "{3FC70D47-0000-0000-0000-000000000000}"
EndProject
Project("{FAE04EC0-301F-11D3-BF4B-00C04F79EFBC}") = "OpenSim.Server.Base", "OpenSim/Server/Base/OpenSim.Server.Base.csproj", "{BAA54EF9-0000-0000-0000-000000000000}"
EndProject
Project("{FAE04EC0-301F-11D3-BF4B-00C04F79EFBC}") = "OpenSim.Server.Handlers", "OpenSim/Server/Handlers/OpenSim.Server.Handlers.csproj", "{02023AA1-0000-0000-0000-000000000000}"
EndProject
Project("{FAE04EC0-301F-11D3-BF4B-00C04F79EFBC}") = "OpenSim.Services.AssetService", "OpenSim/Services/AssetService/OpenSim.Services.AssetService.csproj", "{31180D9C-0000-0000-0000-000000000000}"
EndProject
Project("{FAE04EC0-301F-11D3-BF4B-00C04F79EFBC}") = "OpenSim.Services.AuthenticationService", "OpenSim/Services/AuthenticationService/OpenSim.Services.AuthenticationService.csproj", "{3F1E312E-0000-0000-0000-000000000000}"
EndProject
Project("{FAE04EC0-301F-11D3-BF4B-00C04F79EFBC}") = "OpenSim.Services.AuthorizationService", "OpenSim/Services/AuthorizationService/OpenSim.Services.AuthorizationService.csproj", "{B4A8465A-0000-0000-0000-000000000000}"
EndProject
Project("{FAE04EC0-301F-11D3-BF4B-00C04F79EFBC}") = "OpenSim.Services.AvatarService", "OpenSim/Services/AvatarService/OpenSim.Services.AvatarService.csproj", "{00E9189E-0000-0000-0000-000000000000}"
EndProject
Project("{FAE04EC0-301F-11D3-BF4B-00C04F79EFBC}") = "OpenSim.Services.Base", "OpenSim/Services/Base/OpenSim.Services.Base.csproj", "{FB76E877-0000-0000-0000-000000000000}"
EndProject
Project("{FAE04EC0-301F-11D3-BF4B-00C04F79EFBC}") = "OpenSim.Services.Connectors", "OpenSim/Services/Connectors/OpenSim.Services.Connectors.csproj", "{C39BD90C-0000-0000-0000-000000000000}"
EndProject
Project("{FAE04EC0-301F-11D3-BF4B-00C04F79EFBC}") = "OpenSim.Services.EstateService", "OpenSim/Services/EstateService/OpenSim.Services.EstateService.csproj", "{58167AF0-0000-0000-0000-000000000000}"
EndProject
Project("{FAE04EC0-301F-11D3-BF4B-00C04F79EFBC}") = "OpenSim.Services.FreeswitchService", "OpenSim/Services/FreeswitchService/OpenSim.Services.FreeswitchService.csproj", "{5AA6609E-0000-0000-0000-000000000000}"
EndProject
Project("{FAE04EC0-301F-11D3-BF4B-00C04F79EFBC}") = "OpenSim.Services.FriendsService", "OpenSim/Services/Friends/OpenSim.Services.FriendsService.csproj", "{28A5DD8F-0000-0000-0000-000000000000}"
EndProject
Project("{FAE04EC0-301F-11D3-BF4B-00C04F79EFBC}") = "OpenSim.Services.FSAssetService", "OpenSim/Services/FSAssetService/OpenSim.Services.FSAssetService.csproj", "{82ABD35C-0000-0000-0000-000000000000}"
EndProject
Project("{FAE04EC0-301F-11D3-BF4B-00C04F79EFBC}") = "OpenSim.Services.GridService", "OpenSim/Services/GridService/OpenSim.Services.GridService.csproj", "{37DBFA7C-0000-0000-0000-000000000000}"
EndProject
Project("{FAE04EC0-301F-11D3-BF4B-00C04F79EFBC}") = "OpenSim.Services.HypergridService", "OpenSim/Services/HypergridService/OpenSim.Services.HypergridService.csproj", "{6DC64720-0000-0000-0000-000000000000}"
EndProject
Project("{FAE04EC0-301F-11D3-BF4B-00C04F79EFBC}") = "OpenSim.Services.Interfaces", "OpenSim/Services/Interfaces/OpenSim.Services.Interfaces.csproj", "{057BD3DA-0000-0000-0000-000000000000}"
EndProject
Project("{FAE04EC0-301F-11D3-BF4B-00C04F79EFBC}") = "OpenSim.Services.InventoryService", "OpenSim/Services/InventoryService/OpenSim.Services.InventoryService.csproj", "{54CD9E24-0000-0000-0000-000000000000}"
EndProject
Project("{FAE04EC0-301F-11D3-BF4B-00C04F79EFBC}") = "OpenSim.Services.LLLoginService", "OpenSim/Services/LLLoginService/OpenSim.Services.LLLoginService.csproj", "{9AC27AC3-0000-0000-0000-000000000000}"
EndProject
Project("{FAE04EC0-301F-11D3-BF4B-00C04F79EFBC}") = "OpenSim.Services.MapImageService", "OpenSim/Services/MapImageService/OpenSim.Services.MapImageService.csproj", "{05FADE04-0000-0000-0000-000000000000}"
EndProject
Project("{FAE04EC0-301F-11D3-BF4B-00C04F79EFBC}") = "OpenSim.Services.MuteListService", "OpenSim/Services/MuteListService/OpenSim.Services.MuteListService.csproj", "{5E26DEEC-0000-0000-0000-000000000000}"
EndProject
Project("{FAE04EC0-301F-11D3-BF4B-00C04F79EFBC}") = "OpenSim.Services.PresenceService", "OpenSim/Services/PresenceService/OpenSim.Services.PresenceService.csproj", "{F59BFB21-0000-0000-0000-000000000000}"
EndProject
Project("{FAE04EC0-301F-11D3-BF4B-00C04F79EFBC}") = "OpenSim.Services.SimulationService", "OpenSim/Services/SimulationService/OpenSim.Services.SimulationService.csproj", "{4E265FEF-0000-0000-0000-000000000000}"
EndProject
Project("{FAE04EC0-301F-11D3-BF4B-00C04F79EFBC}") = "OpenSim.Services.UserAccountService", "OpenSim/Services/UserAccountService/OpenSim.Services.UserAccountService.csproj", "{C041ABD1-0000-0000-0000-000000000000}"
EndProject
Project("{FAE04EC0-301F-11D3-BF4B-00C04F79EFBC}") = "OpenSim.Services.UserProfilesService", "OpenSim/Services/UserProfilesService/OpenSim.Services.UserProfilesService.csproj", "{921EC11E-0000-0000-0000-000000000000}"
EndProject
Project("{FAE04EC0-301F-11D3-BF4B-00C04F79EFBC}") = "OpenSim.Tools.Configger", "OpenSim/Tools/Configger/OpenSim.Tools.Configger.csproj", "{4A0CAAD7-0000-0000-0000-000000000000}"
EndProject
Project("{FAE04EC0-301F-11D3-BF4B-00C04F79EFBC}") = "pCampBot", "OpenSim/Tools/pCampBot/pCampBot.csproj", "{28E92A53-0000-0000-0000-000000000000}"
EndProject
Project("{FAE04EC0-301F-11D3-BF4B-00C04F79EFBC}") = "Robust", "OpenSim/Server/Robust.csproj", "{568B726E-0000-0000-0000-000000000000}"
EndProject
Project("{FAE04EC0-301F-11D3-BF4B-00C04F79EFBC}") = "SmartThreadPool", "ThirdParty/SmartThreadPool/SmartThreadPool.csproj", "{6D8D7852-0000-0000-0000-000000000000}"
EndProject
Global
	GlobalSection(SolutionConfigurationPlatforms) = preSolution
		Debug|Any CPU = Debug|Any CPU
		Release|Any CPU = Release|Any CPU
	EndGlobalSection
	GlobalSection(ProjectConfigurationPlatforms) = postSolution
		{866B91D3-0000-0000-0000-000000000000}.Debug|Any CPU.ActiveCfg = Debug|Any CPU
		{866B91D3-0000-0000-0000-000000000000}.Debug|Any CPU.Build.0 = Debug|Any CPU
		{866B91D3-0000-0000-0000-000000000000}.Release|Any CPU.ActiveCfg = Release|Any CPU
		{866B91D3-0000-0000-0000-000000000000}.Release|Any CPU.Build.0 = Release|Any CPU
		{B9EA71B7-0000-0000-0000-000000000000}.Debug|Any CPU.ActiveCfg = Debug|Any CPU
		{B9EA71B7-0000-0000-0000-000000000000}.Debug|Any CPU.Build.0 = Debug|Any CPU
		{B9EA71B7-0000-0000-0000-000000000000}.Release|Any CPU.ActiveCfg = Release|Any CPU
		{B9EA71B7-0000-0000-0000-000000000000}.Release|Any CPU.Build.0 = Release|Any CPU
		{76C080D7-0000-0000-0000-000000000000}.Debug|Any CPU.ActiveCfg = Debug|Any CPU
		{76C080D7-0000-0000-0000-000000000000}.Debug|Any CPU.Build.0 = Debug|Any CPU
		{76C080D7-0000-0000-0000-000000000000}.Release|Any CPU.ActiveCfg = Release|Any CPU
		{76C080D7-0000-0000-0000-000000000000}.Release|Any CPU.Build.0 = Release|Any CPU
		{73AF7AC7-0000-0000-0000-000000000000}.Debug|Any CPU.ActiveCfg = Debug|Any CPU
		{73AF7AC7-0000-0000-0000-000000000000}.Debug|Any CPU.Build.0 = Debug|Any CPU
		{73AF7AC7-0000-0000-0000-000000000000}.Release|Any CPU.ActiveCfg = Release|Any CPU
		{73AF7AC7-0000-0000-0000-000000000000}.Release|Any CPU.Build.0 = Release|Any CPU
		{39EE88B3-0000-0000-0000-000000000000}.Debug|Any CPU.ActiveCfg = Debug|Any CPU
		{39EE88B3-0000-0000-0000-000000000000}.Debug|Any CPU.Build.0 = Debug|Any CPU
		{39EE88B3-0000-0000-0000-000000000000}.Release|Any CPU.ActiveCfg = Release|Any CPU
		{39EE88B3-0000-0000-0000-000000000000}.Release|Any CPU.Build.0 = Release|Any CPU
		{84D7072E-0000-0000-0000-000000000000}.Debug|Any CPU.ActiveCfg = Debug|Any CPU
		{84D7072E-0000-0000-0000-000000000000}.Debug|Any CPU.Build.0 = Debug|Any CPU
		{84D7072E-0000-0000-0000-000000000000}.Release|Any CPU.ActiveCfg = Release|Any CPU
		{84D7072E-0000-0000-0000-000000000000}.Release|Any CPU.Build.0 = Release|Any CPU
		{404E4470-0000-0000-0000-000000000000}.Debug|Any CPU.ActiveCfg = Debug|Any CPU
		{404E4470-0000-0000-0000-000000000000}.Debug|Any CPU.Build.0 = Debug|Any CPU
		{404E4470-0000-0000-0000-000000000000}.Release|Any CPU.ActiveCfg = Release|Any CPU
		{404E4470-0000-0000-0000-000000000000}.Release|Any CPU.Build.0 = Release|Any CPU
		{7858DEB9-0000-0000-0000-000000000000}.Debug|Any CPU.ActiveCfg = Debug|Any CPU
		{7858DEB9-0000-0000-0000-000000000000}.Debug|Any CPU.Build.0 = Debug|Any CPU
		{7858DEB9-0000-0000-0000-000000000000}.Release|Any CPU.ActiveCfg = Release|Any CPU
		{7858DEB9-0000-0000-0000-000000000000}.Release|Any CPU.Build.0 = Release|Any CPU
		{EBF43067-0000-0000-0000-000000000000}.Debug|Any CPU.ActiveCfg = Debug|Any CPU
		{EBF43067-0000-0000-0000-000000000000}.Debug|Any CPU.Build.0 = Debug|Any CPU
		{EBF43067-0000-0000-0000-000000000000}.Release|Any CPU.ActiveCfg = Release|Any CPU
		{EBF43067-0000-0000-0000-000000000000}.Release|Any CPU.Build.0 = Release|Any CPU
		{BC8633E2-0000-0000-0000-000000000000}.Debug|Any CPU.ActiveCfg = Debug|Any CPU
		{BC8633E2-0000-0000-0000-000000000000}.Debug|Any CPU.Build.0 = Debug|Any CPU
		{BC8633E2-0000-0000-0000-000000000000}.Release|Any CPU.ActiveCfg = Release|Any CPU
		{BC8633E2-0000-0000-0000-000000000000}.Release|Any CPU.Build.0 = Release|Any CPU
		{A9257789-0000-0000-0000-000000000000}.Debug|Any CPU.ActiveCfg = Debug|Any CPU
		{A9257789-0000-0000-0000-000000000000}.Debug|Any CPU.Build.0 = Debug|Any CPU
		{A9257789-0000-0000-0000-000000000000}.Release|Any CPU.ActiveCfg = Release|Any CPU
		{A9257789-0000-0000-0000-000000000000}.Release|Any CPU.Build.0 = Release|Any CPU
		{B4B293CE-0000-0000-0000-000000000000}.Debug|Any CPU.ActiveCfg = Debug|Any CPU
		{B4B293CE-0000-0000-0000-000000000000}.Debug|Any CPU.Build.0 = Debug|Any CPU
		{B4B293CE-0000-0000-0000-000000000000}.Release|Any CPU.ActiveCfg = Release|Any CPU
		{B4B293CE-0000-0000-0000-000000000000}.Release|Any CPU.Build.0 = Release|Any CPU
		{4AFC0EF2-0000-0000-0000-000000000000}.Debug|Any CPU.ActiveCfg = Debug|Any CPU
		{4AFC0EF2-0000-0000-0000-000000000000}.Debug|Any CPU.Build.0 = Debug|Any CPU
		{4AFC0EF2-0000-0000-0000-000000000000}.Release|Any CPU.ActiveCfg = Release|Any CPU
		{4AFC0EF2-0000-0000-0000-000000000000}.Release|Any CPU.Build.0 = Release|Any CPU
		{83293A10-0000-0000-0000-000000000000}.Debug|Any CPU.ActiveCfg = Debug|Any CPU
		{83293A10-0000-0000-0000-000000000000}.Debug|Any CPU.Build.0 = Debug|Any CPU
		{83293A10-0000-0000-0000-000000000000}.Release|Any CPU.ActiveCfg = Release|Any CPU
		{83293A10-0000-0000-0000-000000000000}.Release|Any CPU.Build.0 = Release|Any CPU
		{EE40895F-0000-0000-0000-000000000000}.Debug|Any CPU.ActiveCfg = Debug|Any CPU
		{EE40895F-0000-0000-0000-000000000000}.Debug|Any CPU.Build.0 = Debug|Any CPU
		{EE40895F-0000-0000-0000-000000000000}.Release|Any CPU.ActiveCfg = Release|Any CPU
		{EE40895F-0000-0000-0000-000000000000}.Release|Any CPU.Build.0 = Release|Any CPU
		{900EF519-0000-0000-0000-000000000000}.Debug|Any CPU.ActiveCfg = Debug|Any CPU
		{900EF519-0000-0000-0000-000000000000}.Debug|Any CPU.Build.0 = Debug|Any CPU
		{900EF519-0000-0000-0000-000000000000}.Release|Any CPU.ActiveCfg = Release|Any CPU
		{900EF519-0000-0000-0000-000000000000}.Release|Any CPU.Build.0 = Release|Any CPU
		{9FD89379-0000-0000-0000-000000000000}.Debug|Any CPU.ActiveCfg = Debug|Any CPU
		{9FD89379-0000-0000-0000-000000000000}.Debug|Any CPU.Build.0 = Debug|Any CPU
		{9FD89379-0000-0000-0000-000000000000}.Release|Any CPU.ActiveCfg = Release|Any CPU
		{9FD89379-0000-0000-0000-000000000000}.Release|Any CPU.Build.0 = Release|Any CPU
		{B5ED6FD9-0000-0000-0000-000000000000}.Debug|Any CPU.ActiveCfg = Debug|Any CPU
		{B5ED6FD9-0000-0000-0000-000000000000}.Debug|Any CPU.Build.0 = Debug|Any CPU
		{B5ED6FD9-0000-0000-0000-000000000000}.Release|Any CPU.ActiveCfg = Release|Any CPU
		{B5ED6FD9-0000-0000-0000-000000000000}.Release|Any CPU.Build.0 = Release|Any CPU
		{7774CEBE-0000-0000-0000-000000000000}.Debug|Any CPU.ActiveCfg = Debug|Any CPU
		{7774CEBE-0000-0000-0000-000000000000}.Debug|Any CPU.Build.0 = Debug|Any CPU
		{7774CEBE-0000-0000-0000-000000000000}.Release|Any CPU.ActiveCfg = Release|Any CPU
		{7774CEBE-0000-0000-0000-000000000000}.Release|Any CPU.Build.0 = Release|Any CPU
		{158371F5-0000-0000-0000-000000000000}.Debug|Any CPU.ActiveCfg = Debug|Any CPU
		{158371F5-0000-0000-0000-000000000000}.Debug|Any CPU.Build.0 = Debug|Any CPU
		{158371F5-0000-0000-0000-000000000000}.Release|Any CPU.ActiveCfg = Release|Any CPU
		{158371F5-0000-0000-0000-000000000000}.Release|Any CPU.Build.0 = Release|Any CPU
		{BA21C7BB-0000-0000-0000-000000000000}.Debug|Any CPU.ActiveCfg = Debug|Any CPU
		{BA21C7BB-0000-0000-0000-000000000000}.Debug|Any CPU.Build.0 = Debug|Any CPU
		{BA21C7BB-0000-0000-0000-000000000000}.Release|Any CPU.ActiveCfg = Release|Any CPU
		{BA21C7BB-0000-0000-0000-000000000000}.Release|Any CPU.Build.0 = Release|Any CPU
		{EB7A7E81-0000-0000-0000-000000000000}.Debug|Any CPU.ActiveCfg = Debug|Any CPU
		{EB7A7E81-0000-0000-0000-000000000000}.Debug|Any CPU.Build.0 = Debug|Any CPU
		{EB7A7E81-0000-0000-0000-000000000000}.Release|Any CPU.ActiveCfg = Release|Any CPU
		{EB7A7E81-0000-0000-0000-000000000000}.Release|Any CPU.Build.0 = Release|Any CPU
		{8721D4A1-0000-0000-0000-000000000000}.Debug|Any CPU.ActiveCfg = Debug|Any CPU
		{8721D4A1-0000-0000-0000-000000000000}.Debug|Any CPU.Build.0 = Debug|Any CPU
		{8721D4A1-0000-0000-0000-000000000000}.Release|Any CPU.ActiveCfg = Release|Any CPU
		{8721D4A1-0000-0000-0000-000000000000}.Release|Any CPU.Build.0 = Release|Any CPU
		{5992D1AB-0000-0000-0000-000000000000}.Debug|Any CPU.ActiveCfg = Debug|Any CPU
		{5992D1AB-0000-0000-0000-000000000000}.Debug|Any CPU.Build.0 = Debug|Any CPU
		{5992D1AB-0000-0000-0000-000000000000}.Release|Any CPU.ActiveCfg = Release|Any CPU
		{5992D1AB-0000-0000-0000-000000000000}.Release|Any CPU.Build.0 = Release|Any CPU
		{3CFED954-0000-0000-0000-000000000000}.Debug|Any CPU.ActiveCfg = Debug|Any CPU
		{3CFED954-0000-0000-0000-000000000000}.Debug|Any CPU.Build.0 = Debug|Any CPU
		{3CFED954-0000-0000-0000-000000000000}.Release|Any CPU.ActiveCfg = Release|Any CPU
		{3CFED954-0000-0000-0000-000000000000}.Release|Any CPU.Build.0 = Release|Any CPU
		{2C269C57-0000-0000-0000-000000000000}.Debug|Any CPU.ActiveCfg = Debug|Any CPU
		{2C269C57-0000-0000-0000-000000000000}.Debug|Any CPU.Build.0 = Debug|Any CPU
		{2C269C57-0000-0000-0000-000000000000}.Release|Any CPU.ActiveCfg = Release|Any CPU
		{2C269C57-0000-0000-0000-000000000000}.Release|Any CPU.Build.0 = Release|Any CPU
		{4C750C81-0000-0000-0000-000000000000}.Debug|Any CPU.ActiveCfg = Debug|Any CPU
		{4C750C81-0000-0000-0000-000000000000}.Debug|Any CPU.Build.0 = Debug|Any CPU
		{4C750C81-0000-0000-0000-000000000000}.Release|Any CPU.ActiveCfg = Release|Any CPU
		{4C750C81-0000-0000-0000-000000000000}.Release|Any CPU.Build.0 = Release|Any CPU
		{E325F3A3-0000-0000-0000-000000000000}.Debug|Any CPU.ActiveCfg = Debug|Any CPU
		{E325F3A3-0000-0000-0000-000000000000}.Debug|Any CPU.Build.0 = Debug|Any CPU
		{E325F3A3-0000-0000-0000-000000000000}.Release|Any CPU.ActiveCfg = Release|Any CPU
		{E325F3A3-0000-0000-0000-000000000000}.Release|Any CPU.Build.0 = Release|Any CPU
		{C00E060E-0000-0000-0000-000000000000}.Debug|Any CPU.ActiveCfg = Debug|Any CPU
		{C00E060E-0000-0000-0000-000000000000}.Debug|Any CPU.Build.0 = Debug|Any CPU
		{C00E060E-0000-0000-0000-000000000000}.Release|Any CPU.ActiveCfg = Release|Any CPU
		{C00E060E-0000-0000-0000-000000000000}.Release|Any CPU.Build.0 = Release|Any CPU
		{B58CDC55-0000-0000-0000-000000000000}.Debug|Any CPU.ActiveCfg = Debug|Any CPU
		{B58CDC55-0000-0000-0000-000000000000}.Debug|Any CPU.Build.0 = Debug|Any CPU
		{B58CDC55-0000-0000-0000-000000000000}.Release|Any CPU.ActiveCfg = Release|Any CPU
		{B58CDC55-0000-0000-0000-000000000000}.Release|Any CPU.Build.0 = Release|Any CPU
		{F81E2D21-0000-0000-0000-000000000000}.Debug|Any CPU.ActiveCfg = Debug|Any CPU
		{F81E2D21-0000-0000-0000-000000000000}.Debug|Any CPU.Build.0 = Debug|Any CPU
		{F81E2D21-0000-0000-0000-000000000000}.Release|Any CPU.ActiveCfg = Release|Any CPU
		{F81E2D21-0000-0000-0000-000000000000}.Release|Any CPU.Build.0 = Release|Any CPU
		{D5A76E63-0000-0000-0000-000000000000}.Debug|Any CPU.ActiveCfg = Debug|Any CPU
		{D5A76E63-0000-0000-0000-000000000000}.Debug|Any CPU.Build.0 = Debug|Any CPU
		{D5A76E63-0000-0000-0000-000000000000}.Release|Any CPU.ActiveCfg = Release|Any CPU
		{D5A76E63-0000-0000-0000-000000000000}.Release|Any CPU.Build.0 = Release|Any CPU
		{13F47215-0000-0000-0000-000000000000}.Debug|Any CPU.ActiveCfg = Debug|Any CPU
		{13F47215-0000-0000-0000-000000000000}.Debug|Any CPU.Build.0 = Debug|Any CPU
		{13F47215-0000-0000-0000-000000000000}.Release|Any CPU.ActiveCfg = Release|Any CPU
		{13F47215-0000-0000-0000-000000000000}.Release|Any CPU.Build.0 = Release|Any CPU
		{22353FD1-0000-0000-0000-000000000000}.Debug|Any CPU.ActiveCfg = Debug|Any CPU
		{22353FD1-0000-0000-0000-000000000000}.Debug|Any CPU.Build.0 = Debug|Any CPU
		{22353FD1-0000-0000-0000-000000000000}.Release|Any CPU.ActiveCfg = Release|Any CPU
		{22353FD1-0000-0000-0000-000000000000}.Release|Any CPU.Build.0 = Release|Any CPU
		{F5912AF2-0000-0000-0000-000000000000}.Debug|Any CPU.ActiveCfg = Debug|Any CPU
		{F5912AF2-0000-0000-0000-000000000000}.Debug|Any CPU.Build.0 = Debug|Any CPU
		{F5912AF2-0000-0000-0000-000000000000}.Release|Any CPU.ActiveCfg = Release|Any CPU
		{F5912AF2-0000-0000-0000-000000000000}.Release|Any CPU.Build.0 = Release|Any CPU
		{4FB0B436-0000-0000-0000-000000000000}.Debug|Any CPU.ActiveCfg = Debug|Any CPU
		{4FB0B436-0000-0000-0000-000000000000}.Debug|Any CPU.Build.0 = Debug|Any CPU
		{4FB0B436-0000-0000-0000-000000000000}.Release|Any CPU.ActiveCfg = Release|Any CPU
		{4FB0B436-0000-0000-0000-000000000000}.Release|Any CPU.Build.0 = Release|Any CPU
		{70215279-0000-0000-0000-000000000000}.Debug|Any CPU.ActiveCfg = Debug|Any CPU
		{70215279-0000-0000-0000-000000000000}.Debug|Any CPU.Build.0 = Debug|Any CPU
		{70215279-0000-0000-0000-000000000000}.Release|Any CPU.ActiveCfg = Release|Any CPU
		{70215279-0000-0000-0000-000000000000}.Release|Any CPU.Build.0 = Release|Any CPU
		{3FC70D47-0000-0000-0000-000000000000}.Debug|Any CPU.ActiveCfg = Debug|Any CPU
		{3FC70D47-0000-0000-0000-000000000000}.Debug|Any CPU.Build.0 = Debug|Any CPU
		{3FC70D47-0000-0000-0000-000000000000}.Release|Any CPU.ActiveCfg = Release|Any CPU
		{3FC70D47-0000-0000-0000-000000000000}.Release|Any CPU.Build.0 = Release|Any CPU
		{BAA54EF9-0000-0000-0000-000000000000}.Debug|Any CPU.ActiveCfg = Debug|Any CPU
		{BAA54EF9-0000-0000-0000-000000000000}.Debug|Any CPU.Build.0 = Debug|Any CPU
		{BAA54EF9-0000-0000-0000-000000000000}.Release|Any CPU.ActiveCfg = Release|Any CPU
		{BAA54EF9-0000-0000-0000-000000000000}.Release|Any CPU.Build.0 = Release|Any CPU
		{02023AA1-0000-0000-0000-000000000000}.Debug|Any CPU.ActiveCfg = Debug|Any CPU
		{02023AA1-0000-0000-0000-000000000000}.Debug|Any CPU.Build.0 = Debug|Any CPU
		{02023AA1-0000-0000-0000-000000000000}.Release|Any CPU.ActiveCfg = Release|Any CPU
		{02023AA1-0000-0000-0000-000000000000}.Release|Any CPU.Build.0 = Release|Any CPU
		{31180D9C-0000-0000-0000-000000000000}.Debug|Any CPU.ActiveCfg = Debug|Any CPU
		{31180D9C-0000-0000-0000-000000000000}.Debug|Any CPU.Build.0 = Debug|Any CPU
		{31180D9C-0000-0000-0000-000000000000}.Release|Any CPU.ActiveCfg = Release|Any CPU
		{31180D9C-0000-0000-0000-000000000000}.Release|Any CPU.Build.0 = Release|Any CPU
		{3F1E312E-0000-0000-0000-000000000000}.Debug|Any CPU.ActiveCfg = Debug|Any CPU
		{3F1E312E-0000-0000-0000-000000000000}.Debug|Any CPU.Build.0 = Debug|Any CPU
		{3F1E312E-0000-0000-0000-000000000000}.Release|Any CPU.ActiveCfg = Release|Any CPU
		{3F1E312E-0000-0000-0000-000000000000}.Release|Any CPU.Build.0 = Release|Any CPU
		{B4A8465A-0000-0000-0000-000000000000}.Debug|Any CPU.ActiveCfg = Debug|Any CPU
		{B4A8465A-0000-0000-0000-000000000000}.Debug|Any CPU.Build.0 = Debug|Any CPU
		{B4A8465A-0000-0000-0000-000000000000}.Release|Any CPU.ActiveCfg = Release|Any CPU
		{B4A8465A-0000-0000-0000-000000000000}.Release|Any CPU.Build.0 = Release|Any CPU
		{00E9189E-0000-0000-0000-000000000000}.Debug|Any CPU.ActiveCfg = Debug|Any CPU
		{00E9189E-0000-0000-0000-000000000000}.Debug|Any CPU.Build.0 = Debug|Any CPU
		{00E9189E-0000-0000-0000-000000000000}.Release|Any CPU.ActiveCfg = Release|Any CPU
		{00E9189E-0000-0000-0000-000000000000}.Release|Any CPU.Build.0 = Release|Any CPU
		{FB76E877-0000-0000-0000-000000000000}.Debug|Any CPU.ActiveCfg = Debug|Any CPU
		{FB76E877-0000-0000-0000-000000000000}.Debug|Any CPU.Build.0 = Debug|Any CPU
		{FB76E877-0000-0000-0000-000000000000}.Release|Any CPU.ActiveCfg = Release|Any CPU
		{FB76E877-0000-0000-0000-000000000000}.Release|Any CPU.Build.0 = Release|Any CPU
		{C39BD90C-0000-0000-0000-000000000000}.Debug|Any CPU.ActiveCfg = Debug|Any CPU
		{C39BD90C-0000-0000-0000-000000000000}.Debug|Any CPU.Build.0 = Debug|Any CPU
		{C39BD90C-0000-0000-0000-000000000000}.Release|Any CPU.ActiveCfg = Release|Any CPU
		{C39BD90C-0000-0000-0000-000000000000}.Release|Any CPU.Build.0 = Release|Any CPU
		{58167AF0-0000-0000-0000-000000000000}.Debug|Any CPU.ActiveCfg = Debug|Any CPU
		{58167AF0-0000-0000-0000-000000000000}.Debug|Any CPU.Build.0 = Debug|Any CPU
		{58167AF0-0000-0000-0000-000000000000}.Release|Any CPU.ActiveCfg = Release|Any CPU
		{58167AF0-0000-0000-0000-000000000000}.Release|Any CPU.Build.0 = Release|Any CPU
		{5AA6609E-0000-0000-0000-000000000000}.Debug|Any CPU.ActiveCfg = Debug|Any CPU
		{5AA6609E-0000-0000-0000-000000000000}.Debug|Any CPU.Build.0 = Debug|Any CPU
		{5AA6609E-0000-0000-0000-000000000000}.Release|Any CPU.ActiveCfg = Release|Any CPU
		{5AA6609E-0000-0000-0000-000000000000}.Release|Any CPU.Build.0 = Release|Any CPU
		{28A5DD8F-0000-0000-0000-000000000000}.Debug|Any CPU.ActiveCfg = Debug|Any CPU
		{28A5DD8F-0000-0000-0000-000000000000}.Debug|Any CPU.Build.0 = Debug|Any CPU
		{28A5DD8F-0000-0000-0000-000000000000}.Release|Any CPU.ActiveCfg = Release|Any CPU
		{28A5DD8F-0000-0000-0000-000000000000}.Release|Any CPU.Build.0 = Release|Any CPU
		{82ABD35C-0000-0000-0000-000000000000}.Debug|Any CPU.ActiveCfg = Debug|Any CPU
		{82ABD35C-0000-0000-0000-000000000000}.Debug|Any CPU.Build.0 = Debug|Any CPU
		{82ABD35C-0000-0000-0000-000000000000}.Release|Any CPU.ActiveCfg = Release|Any CPU
		{82ABD35C-0000-0000-0000-000000000000}.Release|Any CPU.Build.0 = Release|Any CPU
		{37DBFA7C-0000-0000-0000-000000000000}.Debug|Any CPU.ActiveCfg = Debug|Any CPU
		{37DBFA7C-0000-0000-0000-000000000000}.Debug|Any CPU.Build.0 = Debug|Any CPU
		{37DBFA7C-0000-0000-0000-000000000000}.Release|Any CPU.ActiveCfg = Release|Any CPU
		{37DBFA7C-0000-0000-0000-000000000000}.Release|Any CPU.Build.0 = Release|Any CPU
		{6DC64720-0000-0000-0000-000000000000}.Debug|Any CPU.ActiveCfg = Debug|Any CPU
		{6DC64720-0000-0000-0000-000000000000}.Debug|Any CPU.Build.0 = Debug|Any CPU
		{6DC64720-0000-0000-0000-000000000000}.Release|Any CPU.ActiveCfg = Release|Any CPU
		{6DC64720-0000-0000-0000-000000000000}.Release|Any CPU.Build.0 = Release|Any CPU
		{057BD3DA-0000-0000-0000-000000000000}.Debug|Any CPU.ActiveCfg = Debug|Any CPU
		{057BD3DA-0000-0000-0000-000000000000}.Debug|Any CPU.Build.0 = Debug|Any CPU
		{057BD3DA-0000-0000-0000-000000000000}.Release|Any CPU.ActiveCfg = Release|Any CPU
		{057BD3DA-0000-0000-0000-000000000000}.Release|Any CPU.Build.0 = Release|Any CPU
		{54CD9E24-0000-0000-0000-000000000000}.Debug|Any CPU.ActiveCfg = Debug|Any CPU
		{54CD9E24-0000-0000-0000-000000000000}.Debug|Any CPU.Build.0 = Debug|Any CPU
		{54CD9E24-0000-0000-0000-000000000000}.Release|Any CPU.ActiveCfg = Release|Any CPU
		{54CD9E24-0000-0000-0000-000000000000}.Release|Any CPU.Build.0 = Release|Any CPU
		{9AC27AC3-0000-0000-0000-000000000000}.Debug|Any CPU.ActiveCfg = Debug|Any CPU
		{9AC27AC3-0000-0000-0000-000000000000}.Debug|Any CPU.Build.0 = Debug|Any CPU
		{9AC27AC3-0000-0000-0000-000000000000}.Release|Any CPU.ActiveCfg = Release|Any CPU
		{9AC27AC3-0000-0000-0000-000000000000}.Release|Any CPU.Build.0 = Release|Any CPU
		{05FADE04-0000-0000-0000-000000000000}.Debug|Any CPU.ActiveCfg = Debug|Any CPU
		{05FADE04-0000-0000-0000-000000000000}.Debug|Any CPU.Build.0 = Debug|Any CPU
		{05FADE04-0000-0000-0000-000000000000}.Release|Any CPU.ActiveCfg = Release|Any CPU
		{05FADE04-0000-0000-0000-000000000000}.Release|Any CPU.Build.0 = Release|Any CPU
		{5E26DEEC-0000-0000-0000-000000000000}.Debug|Any CPU.ActiveCfg = Debug|Any CPU
		{5E26DEEC-0000-0000-0000-000000000000}.Debug|Any CPU.Build.0 = Debug|Any CPU
		{5E26DEEC-0000-0000-0000-000000000000}.Release|Any CPU.ActiveCfg = Release|Any CPU
		{5E26DEEC-0000-0000-0000-000000000000}.Release|Any CPU.Build.0 = Release|Any CPU
		{F59BFB21-0000-0000-0000-000000000000}.Debug|Any CPU.ActiveCfg = Debug|Any CPU
		{F59BFB21-0000-0000-0000-000000000000}.Debug|Any CPU.Build.0 = Debug|Any CPU
		{F59BFB21-0000-0000-0000-000000000000}.Release|Any CPU.ActiveCfg = Release|Any CPU
		{F59BFB21-0000-0000-0000-000000000000}.Release|Any CPU.Build.0 = Release|Any CPU
		{4E265FEF-0000-0000-0000-000000000000}.Debug|Any CPU.ActiveCfg = Debug|Any CPU
		{4E265FEF-0000-0000-0000-000000000000}.Debug|Any CPU.Build.0 = Debug|Any CPU
		{4E265FEF-0000-0000-0000-000000000000}.Release|Any CPU.ActiveCfg = Release|Any CPU
		{4E265FEF-0000-0000-0000-000000000000}.Release|Any CPU.Build.0 = Release|Any CPU
		{C041ABD1-0000-0000-0000-000000000000}.Debug|Any CPU.ActiveCfg = Debug|Any CPU
		{C041ABD1-0000-0000-0000-000000000000}.Debug|Any CPU.Build.0 = Debug|Any CPU
		{C041ABD1-0000-0000-0000-000000000000}.Release|Any CPU.ActiveCfg = Release|Any CPU
		{C041ABD1-0000-0000-0000-000000000000}.Release|Any CPU.Build.0 = Release|Any CPU
		{921EC11E-0000-0000-0000-000000000000}.Debug|Any CPU.ActiveCfg = Debug|Any CPU
		{921EC11E-0000-0000-0000-000000000000}.Debug|Any CPU.Build.0 = Debug|Any CPU
		{921EC11E-0000-0000-0000-000000000000}.Release|Any CPU.ActiveCfg = Release|Any CPU
		{921EC11E-0000-0000-0000-000000000000}.Release|Any CPU.Build.0 = Release|Any CPU
		{4A0CAAD7-0000-0000-0000-000000000000}.Debug|Any CPU.ActiveCfg = Debug|Any CPU
		{4A0CAAD7-0000-0000-0000-000000000000}.Debug|Any CPU.Build.0 = Debug|Any CPU
		{4A0CAAD7-0000-0000-0000-000000000000}.Release|Any CPU.ActiveCfg = Release|Any CPU
		{4A0CAAD7-0000-0000-0000-000000000000}.Release|Any CPU.Build.0 = Release|Any CPU
		{28E92A53-0000-0000-0000-000000000000}.Debug|Any CPU.ActiveCfg = Debug|Any CPU
		{28E92A53-0000-0000-0000-000000000000}.Debug|Any CPU.Build.0 = Debug|Any CPU
		{28E92A53-0000-0000-0000-000000000000}.Release|Any CPU.ActiveCfg = Release|Any CPU
		{28E92A53-0000-0000-0000-000000000000}.Release|Any CPU.Build.0 = Release|Any CPU
		{568B726E-0000-0000-0000-000000000000}.Debug|Any CPU.ActiveCfg = Debug|Any CPU
		{568B726E-0000-0000-0000-000000000000}.Debug|Any CPU.Build.0 = Debug|Any CPU
		{568B726E-0000-0000-0000-000000000000}.Release|Any CPU.ActiveCfg = Release|Any CPU
		{568B726E-0000-0000-0000-000000000000}.Release|Any CPU.Build.0 = Release|Any CPU
		{6D8D7852-0000-0000-0000-000000000000}.Debug|Any CPU.ActiveCfg = Debug|Any CPU
		{6D8D7852-0000-0000-0000-000000000000}.Debug|Any CPU.Build.0 = Debug|Any CPU
		{6D8D7852-0000-0000-0000-000000000000}.Release|Any CPU.ActiveCfg = Release|Any CPU
		{6D8D7852-0000-0000-0000-000000000000}.Release|Any CPU.Build.0 = Release|Any CPU
	EndGlobalSection
EndGlobal
